
Microsoft Visual Studio Solution File, Format Version 12.00
# Visual Studio Version 16
VisualStudioVersion = 16.0.36128.20
MinimumVisualStudioVersion = 10.0.40219.1
Project("{FAE04EC0-301F-11D3-BF4B-00C04F79EFBC}") = "CC4", "CC4\CC4.csproj", "{CF4D1176-9069-4A85-8B84-A644334CB34B}"
EndProject
Global
	GlobalSection(SolutionConfigurationPlatforms) = preSolution
		Debug|Any CPU = Debug|Any CPU
		Release|Any CPU = Release|Any CPU
	EndGlobalSection
	GlobalSection(ProjectConfigurationPlatforms) = postSolution
		{CF4D1176-9069-4A85-8B84-A644334CB34B}.Debug|Any CPU.ActiveCfg = Debug|Any CPU
		{CF4D1176-9069-4A85-8B84-A644334CB34B}.Debug|Any CPU.Build.0 = Debug|Any CPU
		{CF4D1176-9069-4A85-8B84-A644334CB34B}.Release|Any CPU.ActiveCfg = Release|Any CPU
		{CF4D1176-9069-4A85-8B84-A644334CB34B}.Release|Any CPU.Build.0 = Release|Any CPU
	EndGlobalSection
	GlobalSection(SolutionProperties) = preSolution
		HideSolutionNode = FALSE
	EndGlobalSection
	GlobalSection(ExtensibilityGlobals) = postSolution
		SolutionGuid = {638A7356-D793-4AA8-9C8B-E0AA22BDC560}
	EndGlobalSection
EndGlobal
