
Microsoft Visual Studio Solution File, Format Version 12.00
# Visual Studio Version 16
VisualStudioVersion = 16.0.36128.20
MinimumVisualStudioVersion = 10.0.40219.1
Project("{FAE04EC0-301F-11D3-BF4B-00C04F79EFBC}") = "CodeChallenge3", "CodeChallenge3\CodeChallenge3.csproj", "{3AC6E645-E6E8-4E52-9F90-7BCA52F94F3A}"
EndProject
Global
	GlobalSection(SolutionConfigurationPlatforms) = preSolution
		Debug|Any CPU = Debug|Any CPU
		Release|Any CPU = Release|Any CPU
	EndGlobalSection
	GlobalSection(ProjectConfigurationPlatforms) = postSolution
		{3AC6E645-E6E8-4E52-9F90-7BCA52F94F3A}.Debug|Any CPU.ActiveCfg = Debug|Any CPU
		{3AC6E645-E6E8-4E52-9F90-7BCA52F94F3A}.Debug|Any CPU.Build.0 = Debug|Any CPU
		{3AC6E645-E6E8-4E52-9F90-7BCA52F94F3A}.Release|Any CPU.ActiveCfg = Release|Any CPU
		{3AC6E645-E6E8-4E52-9F90-7BCA52F94F3A}.Release|Any CPU.Build.0 = Release|Any CPU
	EndGlobalSection
	GlobalSection(SolutionProperties) = preSolution
		HideSolutionNode = FALSE
	EndGlobalSection
	GlobalSection(ExtensibilityGlobals) = postSolution
		SolutionGuid = {88371942-E657-49D2-A2E2-529CEDD2E806}
	EndGlobalSection
EndGlobal
